Microsoft Visual Studio Solution File, Format Version 12.00
# Visual Studio Version 17
VisualStudioVersion = 17.5.2.0
MinimumVisualStudioVersion = 10.0.40219.1
Project("{FAE04EC0-301F-11D3-BF4B-00C04F79EFBC}") = "M1911MagMod", "M1911MagMod\M1911MagMod.csproj", "{BC3676A3-AE77-A73D-CCE3-89322C84F5E7}"
EndProject
Global
	GlobalSection(SolutionConfigurationPlatforms) = preSolution
		Debug|Any CPU = Debug|Any CPU
		Release|Any CPU = Release|Any CPU
	EndGlobalSection
	GlobalSection(ProjectConfigurationPlatforms) = postSolution
		{BC3676A3-AE77-A73D-CCE3-89322C84F5E7}.Debug|Any CPU.ActiveCfg = Debug|Any CPU
		{BC3676A3-AE77-A73D-CCE3-89322C84F5E7}.Debug|Any CPU.Build.0 = Debug|Any CPU
		{BC3676A3-AE77-A73D-CCE3-89322C84F5E7}.Release|Any CPU.ActiveCfg = Release|Any CPU
		{BC3676A3-AE77-A73D-CCE3-89322C84F5E7}.Release|Any CPU.Build.0 = Release|Any CPU
	EndGlobalSection
	GlobalSection(SolutionProperties) = preSolution
		HideSolutionNode = FALSE
	EndGlobalSection
	GlobalSection(ExtensibilityGlobals) = postSolution
		SolutionGuid = {9B49EB20-2DCC-44FC-8FEE-CDF639272357}
	EndGlobalSection
EndGlobal
